// !$*UTF8*$!
{
	archiveVersion = 1;
	classes = {
	};
	objectVersion = 77;
	objects = {

/* Begin PBXBuildFile section */
		02EF2DC42300D4C2F0125F4B /* KeychainSecretStore.swift in Sources */ = {isa = PBXBuildFile; fileRef = 563E52CBFCDF010C7E8CADE7 /* KeychainSecretStore.swift */; };
		0D8813FEE370BFF30149E572 /* ManagedConfiguration.swift in Sources */ = {isa = PBXBuildFile; fileRef = 3D954AB71C9CB5D0003643C3 /* ManagedConfiguration.swift */; };
		1632A89C57DF4F86E14672AB /* qlink-core.xcframework in Frameworks */ = {isa = PBXBuildFile; fileRef = EDC7B517D582011D0D8A28AC /* qlink-core.xcframework */; };
		171D549ED7C76D5CE8EAF25C /* DeviceKeypairStore.swift in Sources */ = {isa = PBXBuildFile; fileRef = 7FA0D6D51F73D0A22468A7D2 /* DeviceKeypairStore.swift */; };
		20C1470CDA9AF7D8164D09C6 /* Sparkle in Frameworks */ = {isa = PBXBuildFile; productRef = 64768C04397936AFD94F31B6 /* Sparkle */; };
		22A090260753D0E7CE0C573C /* qlink-core.xcframework in Frameworks */ = {isa = PBXBuildFile; fileRef = EDC7B517D582011D0D8A28AC /* qlink-core.xcframework */; };
		24C1D3D510AB969290F9ED89 /* PrivacyDefaults.swift in Sources */ = {isa = PBXBuildFile; fileRef = BF925FAC57D2992D1EA5A0A7 /* PrivacyDefaults.swift */; };
		289A4183FF159C7BC18673A9 /* QuantumLinkApp.swift in Sources */ = {isa = PBXBuildFile; fileRef = B58B03FCB1FF4F9D09AFDB89 /* QuantumLinkApp.swift */; };
		2D708BC2773C301FEA3D44D3 /* IPv4CIDR.swift in Sources */ = {isa = PBXBuildFile; fileRef = 779F3B1FA51EA0FB23BC840B /* IPv4CIDR.swift */; };
		2EE331282E6CE83DFD3AE489 /* TunnelPacketPump.swift in Sources */ = {isa = PBXBuildFile; fileRef = 617C17909F5BAA5F0D60F903 /* TunnelPacketPump.swift */; };
		337A67D96A0E089E5BAE656B /* CodeRequirementExtractor.swift in Sources */ = {isa = PBXBuildFile; fileRef = FC2331DAAA0DA8F1E8980D34 /* CodeRequirementExtractor.swift */; };
		342A76F85A3A664B4BA040C6 /* qlink-core.xcframework in Frameworks */ = {isa = PBXBuildFile; fileRef = EDC7B517D582011D0D8A28AC /* qlink-core.xcframework */; };
		3B0471E73DE318C5E960A50C /* SupportBundleExporter.swift in Sources */ = {isa = PBXBuildFile; fileRef = 490849425229FDF2C20E8611 /* SupportBundleExporter.swift */; };
		3EA3E09C91AE637F8777694F /* RustCoreBridge.swift in Sources */ = {isa = PBXBuildFile; fileRef = DFE42248A8F36EC755A38D6C /* RustCoreBridge.swift */; };
		46BB56E0CD5F2B792F581D47 /* Models.swift in Sources */ = {isa = PBXBuildFile; fileRef = 9EDF854AAF8C13B854A524A6 /* Models.swift */; };
		48F0564F68C9EED14930DD05 /* qlink-core.xcframework in Embed Frameworks */ = {isa = PBXBuildFile; fileRef = EDC7B517D582011D0D8A28AC /* qlink-core.xcframework */; settings = {ATTRIBUTES = (RemoveHeadersOnCopy, ); }; };
		4ACC39A42731ED9EBFBD72C4 /* KillSwitchWatchdog.swift in Sources */ = {isa = PBXBuildFile; fileRef = FF8469DFCA41321AA99A9D93 /* KillSwitchWatchdog.swift */; };
		55C35974724F20AE71FE0BAD /* TunnelProfileManager.swift in Sources */ = {isa = PBXBuildFile; fileRef = E5B37ACA6BBB22DFE550BF88 /* TunnelProfileManager.swift */; };
		5759DBEC566310CA9502EAAE /* DytallixLogo.png in Resources */ = {isa = PBXBuildFile; fileRef = 70943746FB367B27FD9427F2 /* DytallixLogo.png */; };
		5A7F60034BE5B575445A5E6D /* VPNOnDemandRules.swift in Sources */ = {isa = PBXBuildFile; fileRef = E7D494ADA1D34E4E4C0BEB1D /* VPNOnDemandRules.swift */; };
		5C3A5A2FA3E5F51C4A59C914 /* QuantumLinkKit.framework in Frameworks */ = {isa = PBXBuildFile; fileRef = D92CC20FE0D9A2AF59177575 /* QuantumLinkKit.framework */; };
		5E71F005F04E74C746265EAB /* PacketTunnelProvider.swift in Sources */ = {isa = PBXBuildFile; fileRef = D133A4E65AB9881BFB74384A /* PacketTunnelProvider.swift */; };
		6F6BE8F07C7CE44317E53575 /* RustTracingForwarder.swift in Sources */ = {isa = PBXBuildFile; fileRef = 3E2C95F4A9760743D238E550 /* RustTracingForwarder.swift */; };
		6FA7E30177F74675C53EA4CB /* MobileConfigEnvelope.swift in Sources */ = {isa = PBXBuildFile; fileRef = 416C1FA1749CEC5AA9D8CA55 /* MobileConfigEnvelope.swift */; };
		71F77A40F970E754F81C5DBF /* qlink-core.xcframework in Embed Frameworks */ = {isa = PBXBuildFile; fileRef = EDC7B517D582011D0D8A28AC /* qlink-core.xcframework */; settings = {ATTRIBUTES = (RemoveHeadersOnCopy, ); }; };
		79A2682C82AC0DE70193DA68 /* TransportSmokeRunner.swift in Sources */ = {isa = PBXBuildFile; fileRef = D0D7543AF5DE2400480CDA03 /* TransportSmokeRunner.swift */; };
		7F2E669B81E1E8882B79FA21 /* TunnelTransport.swift in Sources */ = {isa = PBXBuildFile; fileRef = 9811E1588DB77CAD12C1B6DB /* TunnelTransport.swift */; };
		8039434E3B883A3A3EBD6CB2 /* ConfigurationValidation.swift in Sources */ = {isa = PBXBuildFile; fileRef = 133DC0E4BE52E97EBE7A84F0 /* ConfigurationValidation.swift */; };
		87A3A7DBB75C8AC3A3F19667 /* QuantumLinkTunnel.appex in Embed Foundation Extensions */ = {isa = PBXBuildFile; fileRef = B2ADBBAC868814D2271A0F8A /* QuantumLinkTunnel.appex */; settings = {ATTRIBUTES = (RemoveHeadersOnCopy, ); }; };
		974C3C18CBE6797309D7732F /* QuantumLinkKit.framework in Embed Frameworks */ = {isa = PBXBuildFile; fileRef = D92CC20FE0D9A2AF59177575 /* QuantumLinkKit.framework */; settings = {ATTRIBUTES = (CodeSignOnCopy, RemoveHeadersOnCopy, ); }; };
		9A3177AF9E865A57721CEE96 /* MeshController.swift in Sources */ = {isa = PBXBuildFile; fileRef = 2F33398915A6FACC6B50B761 /* MeshController.swift */; };
		9AF48A39FC223E2795875830 /* TunnelMessages.swift in Sources */ = {isa = PBXBuildFile; fileRef = 6DD7899906485CB6BC6FC178 /* TunnelMessages.swift */; };
		A34B5E40C757D7799D544637 /* PerAppVPNPayload.swift in Sources */ = {isa = PBXBuildFile; fileRef = BF4D4FA21EEBD9023C4E86C1 /* PerAppVPNPayload.swift */; };
		A5C4564A2B06FC2C24DA702D /* QuantumLinkKit.framework in Embed Frameworks */ = {isa = PBXBuildFile; fileRef = D92CC20FE0D9A2AF59177575 /* QuantumLinkKit.framework */; settings = {ATTRIBUTES = (CodeSignOnCopy, RemoveHeadersOnCopy, ); }; };
		A9A32CE68DA2FAE8A73755AE /* UpdateController.swift in Sources */ = {isa = PBXBuildFile; fileRef = 24F140EE51271CB6075C87E3 /* UpdateController.swift */; };
		AE3D6D8112D91034EF51B0DE /* Assets.xcassets in Resources */ = {isa = PBXBuildFile; fileRef = F2C5C4D750D6CEE2D3114B3B /* Assets.xcassets */; };
		C8D3AFF8A827D44D077CEFBC /* NetworkPathObserver.swift in Sources */ = {isa = PBXBuildFile; fileRef = D33C04288273A0E3AAD18C3F /* NetworkPathObserver.swift */; };
		CCC46CAB108D003794A16959 /* PQCAlgorithm.swift in Sources */ = {isa = PBXBuildFile; fileRef = B7BFE3CCB52618FA0E94B122 /* PQCAlgorithm.swift */; };
		CCDE04FA90BA1A3FA66528C2 /* QuantumLinkKit.framework in Frameworks */ = {isa = PBXBuildFile; fileRef = D92CC20FE0D9A2AF59177575 /* QuantumLinkKit.framework */; };
		D1BE7A4C2E343AEF4D72F7F0 /* SecureEnclaveTrustKey.swift in Sources */ = {isa = PBXBuildFile; fileRef = DED0D67C3F183BA7AECE1E6B /* SecureEnclaveTrustKey.swift */; };
		D36CCB42ACFAF00B36FDB8E2 /* PeerStoreKey.swift in Sources */ = {isa = PBXBuildFile; fileRef = 6F1180CB53BA91C1FA55667C /* PeerStoreKey.swift */; };
		DCD978A8BF258BDBD6ED6932 /* DeploymentMode.swift in Sources */ = {isa = PBXBuildFile; fileRef = 98DB8022DC339FDD6AAB19D8 /* DeploymentMode.swift */; };
		EAB0650FB037C580760AF19B /* main.swift in Sources */ = {isa = PBXBuildFile; fileRef = 45177B5A8BAABA45918AA0FB /* main.swift */; };
		F32D58B97706401EEEDD5041 /* QuantumLinkKit.framework in Frameworks */ = {isa = PBXBuildFile; fileRef = D92CC20FE0D9A2AF59177575 /* QuantumLinkKit.framework */; };
		F4C8474A00E097B7A459E9CE /* PKCS12IdentityLoader.swift in Sources */ = {isa = PBXBuildFile; fileRef = 31E4D959CCDB4E64302551A4 /* PKCS12IdentityLoader.swift */; };
		FE56B93381D8240C49155504 /* MobileConfigSigner.swift in Sources */ = {isa = PBXBuildFile; fileRef = 6B321A6CFC0C27EBE6D17781 /* MobileConfigSigner.swift */; };
		FFA8737A8004F53D7A429675 /* ConnectionProfile.swift in Sources */ = {isa = PBXBuildFile; fileRef = 2F574704E060BDC63F0F5C7F /* ConnectionProfile.swift */; };
/* End PBXBuildFile section */

/* Begin PBXContainerItemProxy section */
		467119625585198B652B3822 /* PBXContainerItemProxy */ = {
			isa = PBXContainerItemProxy;
			containerPortal = C5171801656EDD3B722438E4 /* Project object */;
			proxyType = 1;
			remoteGlobalIDString = 6147CD6191F35AE3794DE513;
			remoteInfo = QuantumLinkKit;
		};
		567A28BF74E77B158C7C3918 /* PBXContainerItemProxy */ = {
			isa = PBXContainerItemProxy;
			containerPortal = C5171801656EDD3B722438E4 /* Project object */;
			proxyType = 1;
			remoteGlobalIDString = 2966A9F5C097BA59DA1798BD;
			remoteInfo = QuantumLinkTunnel;
		};
		CCB908255DFB4227753DE019 /* PBXContainerItemProxy */ = {
			isa = PBXContainerItemProxy;
			containerPortal = C5171801656EDD3B722438E4 /* Project object */;
			proxyType = 1;
			remoteGlobalIDString = 6147CD6191F35AE3794DE513;
			remoteInfo = QuantumLinkKit;
		};
		EDC58089B07898B07319AA7D /* PBXContainerItemProxy */ = {
			isa = PBXContainerItemProxy;
			containerPortal = C5171801656EDD3B722438E4 /* Project object */;
			proxyType = 1;
			remoteGlobalIDString = 6147CD6191F35AE3794DE513;
			remoteInfo = QuantumLinkKit;
		};
/* End PBXContainerItemProxy section */

/* Begin PBXCopyFilesBuildPhase section */
		85527CBC305BAECDB953928B /* Embed Foundation Extensions */ = {
			isa = PBXCopyFilesBuildPhase;
			buildActionMask = 2147483647;
			dstPath = "";
			dstSubfolderSpec = 13;
			files = (
				87A3A7DBB75C8AC3A3F19667 /* QuantumLinkTunnel.appex in Embed Foundation Extensions */,
			);
			name = "Embed Foundation Extensions";
			runOnlyForDeploymentPostprocessing = 0;
		};
		C2863B40790F3CFDC94EF0F9 /* Embed Frameworks */ = {
			isa = PBXCopyFilesBuildPhase;
			buildActionMask = 2147483647;
			dstPath = "";
			dstSubfolderSpec = 10;
			files = (
				A5C4564A2B06FC2C24DA702D /* QuantumLinkKit.framework in Embed Frameworks */,
				48F0564F68C9EED14930DD05 /* qlink-core.xcframework in Embed Frameworks */,
			);
			name = "Embed Frameworks";
			runOnlyForDeploymentPostprocessing = 0;
		};
		DB5FCCE4E4474F10721AE0F1 /* Embed Frameworks */ = {
			isa = PBXCopyFilesBuildPhase;
			buildActionMask = 2147483647;
			dstPath = "";
			dstSubfolderSpec = 10;
			files = (
				974C3C18CBE6797309D7732F /* QuantumLinkKit.framework in Embed Frameworks */,
				71F77A40F970E754F81C5DBF /* qlink-core.xcframework in Embed Frameworks */,
			);
			name = "Embed Frameworks";
			runOnlyForDeploymentPostprocessing = 0;
		};
/* End PBXCopyFilesBuildPhase section */

/* Begin PBXFileReference section */
		133DC0E4BE52E97EBE7A84F0 /* ConfigurationValidation.swift */ = {isa = PBXFileReference; lastKnownFileType = sourcecode.swift; path = ConfigurationValidation.swift; sourceTree = "<group>"; };
		24F140EE51271CB6075C87E3 /* UpdateController.swift */ = {isa = PBXFileReference; lastKnownFileType = sourcecode.swift; path = UpdateController.swift; sourceTree = "<group>"; };
		257E5D1E74CC7BBABDBF724F /* QuantumLinkSmoke */ = {isa = PBXFileReference; includeInIndex = 0; path = QuantumLinkSmoke; sourceTree = BUILT_PRODUCTS_DIR; };
		2F33398915A6FACC6B50B761 /* MeshController.swift */ = {isa = PBXFileReference; lastKnownFileType = sourcecode.swift; path = MeshController.swift; sourceTree = "<group>"; };
		2F574704E060BDC63F0F5C7F /* ConnectionProfile.swift */ = {isa = PBXFileReference; lastKnownFileType = sourcecode.swift; path = ConnectionProfile.swift; sourceTree = "<group>"; };
		31E4D959CCDB4E64302551A4 /* PKCS12IdentityLoader.swift */ = {isa = PBXFileReference; lastKnownFileType = sourcecode.swift; path = PKCS12IdentityLoader.swift; sourceTree = "<group>"; };
		3D954AB71C9CB5D0003643C3 /* ManagedConfiguration.swift */ = {isa = PBXFileReference; lastKnownFileType = sourcecode.swift; path = ManagedConfiguration.swift; sourceTree = "<group>"; };
		3E2C95F4A9760743D238E550 /* RustTracingForwarder.swift */ = {isa = PBXFileReference; lastKnownFileType = sourcecode.swift; path = RustTracingForwarder.swift; sourceTree = "<group>"; };
		416C1FA1749CEC5AA9D8CA55 /* MobileConfigEnvelope.swift */ = {isa = PBXFileReference; lastKnownFileType = sourcecode.swift; path = MobileConfigEnvelope.swift; sourceTree = "<group>"; };
		45177B5A8BAABA45918AA0FB /* main.swift */ = {isa = PBXFileReference; lastKnownFileType = sourcecode.swift; path = main.swift; sourceTree = "<group>"; };
		48FCF5CE3166FFAF864596D5 /* QuantumLink.unsigned.xcconfig */ = {isa = PBXFileReference; lastKnownFileType = text.xcconfig; path = QuantumLink.unsigned.xcconfig; sourceTree = "<group>"; };
		490849425229FDF2C20E8611 /* SupportBundleExporter.swift */ = {isa = PBXFileReference; lastKnownFileType = sourcecode.swift; path = SupportBundleExporter.swift; sourceTree = "<group>"; };
		4F8A84FA8EEF2E3F80809E5B /* QuantumLink.app */ = {isa = PBXFileReference; explicitFileType = wrapper.application; includeInIndex = 0; path = QuantumLink.app; sourceTree = BUILT_PRODUCTS_DIR; };
		563E52CBFCDF010C7E8CADE7 /* KeychainSecretStore.swift */ = {isa = PBXFileReference; lastKnownFileType = sourcecode.swift; path = KeychainSecretStore.swift; sourceTree = "<group>"; };
		617C17909F5BAA5F0D60F903 /* TunnelPacketPump.swift */ = {isa = PBXFileReference; lastKnownFileType = sourcecode.swift; path = TunnelPacketPump.swift; sourceTree = "<group>"; };
		6B321A6CFC0C27EBE6D17781 /* MobileConfigSigner.swift */ = {isa = PBXFileReference; lastKnownFileType = sourcecode.swift; path = MobileConfigSigner.swift; sourceTree = "<group>"; };
		6DD7899906485CB6BC6FC178 /* TunnelMessages.swift */ = {isa = PBXFileReference; lastKnownFileType = sourcecode.swift; path = TunnelMessages.swift; sourceTree = "<group>"; };
		6F1180CB53BA91C1FA55667C /* PeerStoreKey.swift */ = {isa = PBXFileReference; lastKnownFileType = sourcecode.swift; path = PeerStoreKey.swift; sourceTree = "<group>"; };
		70943746FB367B27FD9427F2 /* DytallixLogo.png */ = {isa = PBXFileReference; lastKnownFileType = image.png; path = DytallixLogo.png; sourceTree = "<group>"; };
		779F3B1FA51EA0FB23BC840B /* IPv4CIDR.swift */ = {isa = PBXFileReference; lastKnownFileType = sourcecode.swift; path = IPv4CIDR.swift; sourceTree = "<group>"; };
		7FA0D6D51F73D0A22468A7D2 /* DeviceKeypairStore.swift */ = {isa = PBXFileReference; lastKnownFileType = sourcecode.swift; path = DeviceKeypairStore.swift; sourceTree = "<group>"; };
		9811E1588DB77CAD12C1B6DB /* TunnelTransport.swift */ = {isa = PBXFileReference; lastKnownFileType = sourcecode.swift; path = TunnelTransport.swift; sourceTree = "<group>"; };
		98DB8022DC339FDD6AAB19D8 /* DeploymentMode.swift */ = {isa = PBXFileReference; lastKnownFileType = sourcecode.swift; path = DeploymentMode.swift; sourceTree = "<group>"; };
		9EDF854AAF8C13B854A524A6 /* Models.swift */ = {isa = PBXFileReference; lastKnownFileType = sourcecode.swift; path = Models.swift; sourceTree = "<group>"; };
		B2ADBBAC868814D2271A0F8A /* QuantumLinkTunnel.appex */ = {isa = PBXFileReference; explicitFileType = "wrapper.app-extension"; includeInIndex = 0; path = QuantumLinkTunnel.appex; sourceTree = BUILT_PRODUCTS_DIR; };
		B58B03FCB1FF4F9D09AFDB89 /* QuantumLinkApp.swift */ = {isa = PBXFileReference; lastKnownFileType = sourcecode.swift; path = QuantumLinkApp.swift; sourceTree = "<group>"; };
		B7BFE3CCB52618FA0E94B122 /* PQCAlgorithm.swift */ = {isa = PBXFileReference; lastKnownFileType = sourcecode.swift; path = PQCAlgorithm.swift; sourceTree = "<group>"; };
		BF4D4FA21EEBD9023C4E86C1 /* PerAppVPNPayload.swift */ = {isa = PBXFileReference; lastKnownFileType = sourcecode.swift; path = PerAppVPNPayload.swift; sourceTree = "<group>"; };
		BF925FAC57D2992D1EA5A0A7 /* PrivacyDefaults.swift */ = {isa = PBXFileReference; lastKnownFileType = sourcecode.swift; path = PrivacyDefaults.swift; sourceTree = "<group>"; };
		D0D7543AF5DE2400480CDA03 /* TransportSmokeRunner.swift */ = {isa = PBXFileReference; lastKnownFileType = sourcecode.swift; path = TransportSmokeRunner.swift; sourceTree = "<group>"; };
		D133A4E65AB9881BFB74384A /* PacketTunnelProvider.swift */ = {isa = PBXFileReference; lastKnownFileType = sourcecode.swift; path = PacketTunnelProvider.swift; sourceTree = "<group>"; };
		D33C04288273A0E3AAD18C3F /* NetworkPathObserver.swift */ = {isa = PBXFileReference; lastKnownFileType = sourcecode.swift; path = NetworkPathObserver.swift; sourceTree = "<group>"; };
		D92CC20FE0D9A2AF59177575 /* QuantumLinkKit.framework */ = {isa = PBXFileReference; explicitFileType = wrapper.framework; includeInIndex = 0; path = QuantumLinkKit.framework; sourceTree = BUILT_PRODUCTS_DIR; };
		DED0D67C3F183BA7AECE1E6B /* SecureEnclaveTrustKey.swift */ = {isa = PBXFileReference; lastKnownFileType = sourcecode.swift; path = SecureEnclaveTrustKey.swift; sourceTree = "<group>"; };
		DFE42248A8F36EC755A38D6C /* RustCoreBridge.swift */ = {isa = PBXFileReference; lastKnownFileType = sourcecode.swift; path = RustCoreBridge.swift; sourceTree = "<group>"; };
		E5B37ACA6BBB22DFE550BF88 /* TunnelProfileManager.swift */ = {isa = PBXFileReference; lastKnownFileType = sourcecode.swift; path = TunnelProfileManager.swift; sourceTree = "<group>"; };
		E7D494ADA1D34E4E4C0BEB1D /* VPNOnDemandRules.swift */ = {isa = PBXFileReference; lastKnownFileType = sourcecode.swift; path = VPNOnDemandRules.swift; sourceTree = "<group>"; };
		EDC7B517D582011D0D8A28AC /* qlink-core.xcframework */ = {isa = PBXFileReference; lastKnownFileType = wrapper.xcframework; name = "qlink-core.xcframework"; path = "build/qlink-core.xcframework"; sourceTree = "<group>"; };
		F2C5C4D750D6CEE2D3114B3B /* Assets.xcassets */ = {isa = PBXFileReference; lastKnownFileType = folder.assetcatalog; path = Assets.xcassets; sourceTree = "<group>"; };
		FC2331DAAA0DA8F1E8980D34 /* CodeRequirementExtractor.swift */ = {isa = PBXFileReference; lastKnownFileType = sourcecode.swift; path = CodeRequirementExtractor.swift; sourceTree = "<group>"; };
		FF8469DFCA41321AA99A9D93 /* KillSwitchWatchdog.swift */ = {isa = PBXFileReference; lastKnownFileType = sourcecode.swift; path = KillSwitchWatchdog.swift; sourceTree = "<group>"; };
/* End PBXFileReference section */

/* Begin PBXFrameworksBuildPhase section */
		BCDFE83A2EFF192F1E42258A /* Frameworks */ = {
			isa = PBXFrameworksBuildPhase;
			buildActionMask = 2147483647;
			files = (
				CCDE04FA90BA1A3FA66528C2 /* QuantumLinkKit.framework in Frameworks */,
				22A090260753D0E7CE0C573C /* qlink-core.xcframework in Frameworks */,
			);
			runOnlyForDeploymentPostprocessing = 0;
		};
		D5BA45D7257AEBA324A746C8 /* Frameworks */ = {
			isa = PBXFrameworksBuildPhase;
			buildActionMask = 2147483647;
			files = (
				5C3A5A2FA3E5F51C4A59C914 /* QuantumLinkKit.framework in Frameworks */,
				1632A89C57DF4F86E14672AB /* qlink-core.xcframework in Frameworks */,
				20C1470CDA9AF7D8164D09C6 /* Sparkle in Frameworks */,
			);
			runOnlyForDeploymentPostprocessing = 0;
		};
		ECBAC64AA0797CE75456579A /* Frameworks */ = {
			isa = PBXFrameworksBuildPhase;
			buildActionMask = 2147483647;
			files = (
				F32D58B97706401EEEDD5041 /* QuantumLinkKit.framework in Frameworks */,
				342A76F85A3A664B4BA040C6 /* qlink-core.xcframework in Frameworks */,
			);
			runOnlyForDeploymentPostprocessing = 0;
		};
/* End PBXFrameworksBuildPhase section */

/* Begin PBXGroup section */
		23BE07CB39CAB42498A82944 /* Frameworks */ = {
			isa = PBXGroup;
			children = (
				EDC7B517D582011D0D8A28AC /* qlink-core.xcframework */,
			);
			name = Frameworks;
			sourceTree = "<group>";
		};
		30BC430A0B47386A4957AC94 /* Resources */ = {
			isa = PBXGroup;
			children = (
				70943746FB367B27FD9427F2 /* DytallixLogo.png */,
			);
			path = Resources;
			sourceTree = "<group>";
		};
		4449FF115E2988D636F07F8D /* QuantumLinkSmoke */ = {
			isa = PBXGroup;
			children = (
				45177B5A8BAABA45918AA0FB /* main.swift */,
			);
			path = QuantumLinkSmoke;
			sourceTree = "<group>";
		};
		49C450E6D8719B8B7FE2BE6E /* Products */ = {
			isa = PBXGroup;
			children = (
				4F8A84FA8EEF2E3F80809E5B /* QuantumLink.app */,
				D92CC20FE0D9A2AF59177575 /* QuantumLinkKit.framework */,
				257E5D1E74CC7BBABDBF724F /* QuantumLinkSmoke */,
				B2ADBBAC868814D2271A0F8A /* QuantumLinkTunnel.appex */,
			);
			name = Products;
			sourceTree = "<group>";
		};
		4CFC99560286821E10426031 /* Sources */ = {
			isa = PBXGroup;
			children = (
				D8CC1673092A4A516A175EBF /* QuantumLinkApp */,
				9322D787BC9D5E0BFBD09B2A /* QuantumLinkKit */,
				4449FF115E2988D636F07F8D /* QuantumLinkSmoke */,
				7CC5E9674EC9EED02CE09B59 /* QuantumLinkTunnel */,
			);
			path = Sources;
			sourceTree = "<group>";
		};
		7CC5E9674EC9EED02CE09B59 /* QuantumLinkTunnel */ = {
			isa = PBXGroup;
			children = (
				D133A4E65AB9881BFB74384A /* PacketTunnelProvider.swift */,
			);
			path = QuantumLinkTunnel;
			sourceTree = "<group>";
		};
		9322D787BC9D5E0BFBD09B2A /* QuantumLinkKit */ = {
			isa = PBXGroup;
			children = (
				FC2331DAAA0DA8F1E8980D34 /* CodeRequirementExtractor.swift */,
				133DC0E4BE52E97EBE7A84F0 /* ConfigurationValidation.swift */,
				2F574704E060BDC63F0F5C7F /* ConnectionProfile.swift */,
				98DB8022DC339FDD6AAB19D8 /* DeploymentMode.swift */,
				7FA0D6D51F73D0A22468A7D2 /* DeviceKeypairStore.swift */,
				779F3B1FA51EA0FB23BC840B /* IPv4CIDR.swift */,
				563E52CBFCDF010C7E8CADE7 /* KeychainSecretStore.swift */,
				FF8469DFCA41321AA99A9D93 /* KillSwitchWatchdog.swift */,
				3D954AB71C9CB5D0003643C3 /* ManagedConfiguration.swift */,
				2F33398915A6FACC6B50B761 /* MeshController.swift */,
				416C1FA1749CEC5AA9D8CA55 /* MobileConfigEnvelope.swift */,
				6B321A6CFC0C27EBE6D17781 /* MobileConfigSigner.swift */,
				9EDF854AAF8C13B854A524A6 /* Models.swift */,
				D33C04288273A0E3AAD18C3F /* NetworkPathObserver.swift */,
				6F1180CB53BA91C1FA55667C /* PeerStoreKey.swift */,
				BF4D4FA21EEBD9023C4E86C1 /* PerAppVPNPayload.swift */,
				31E4D959CCDB4E64302551A4 /* PKCS12IdentityLoader.swift */,
				B7BFE3CCB52618FA0E94B122 /* PQCAlgorithm.swift */,
				BF925FAC57D2992D1EA5A0A7 /* PrivacyDefaults.swift */,
				DFE42248A8F36EC755A38D6C /* RustCoreBridge.swift */,
				3E2C95F4A9760743D238E550 /* RustTracingForwarder.swift */,
				DED0D67C3F183BA7AECE1E6B /* SecureEnclaveTrustKey.swift */,
				490849425229FDF2C20E8611 /* SupportBundleExporter.swift */,
				D0D7543AF5DE2400480CDA03 /* TransportSmokeRunner.swift */,
				6DD7899906485CB6BC6FC178 /* TunnelMessages.swift */,
				617C17909F5BAA5F0D60F903 /* TunnelPacketPump.swift */,
				E5B37ACA6BBB22DFE550BF88 /* TunnelProfileManager.swift */,
				9811E1588DB77CAD12C1B6DB /* TunnelTransport.swift */,
				E7D494ADA1D34E4E4C0BEB1D /* VPNOnDemandRules.swift */,
			);
			path = QuantumLinkKit;
			sourceTree = "<group>";
		};
		A66EB87A5FB5F8723ED4F430 /* config */ = {
			isa = PBXGroup;
			children = (
				48FCF5CE3166FFAF864596D5 /* QuantumLink.unsigned.xcconfig */,
			);
			name = config;
			path = macos/config;
			sourceTree = "<group>";
		};
		C179390FE065C0DFBB9002C6 = {
			isa = PBXGroup;
			children = (
				A66EB87A5FB5F8723ED4F430 /* config */,
				FD68815CFE25BF02ED00D985 /* QuantumLink-remote-check */,
				23BE07CB39CAB42498A82944 /* Frameworks */,
				49C450E6D8719B8B7FE2BE6E /* Products */,
			);
			sourceTree = "<group>";
		};
		D8CC1673092A4A516A175EBF /* QuantumLinkApp */ = {
			isa = PBXGroup;
			children = (
				F2C5C4D750D6CEE2D3114B3B /* Assets.xcassets */,
				B58B03FCB1FF4F9D09AFDB89 /* QuantumLinkApp.swift */,
				24F140EE51271CB6075C87E3 /* UpdateController.swift */,
				30BC430A0B47386A4957AC94 /* Resources */,
			);
			path = QuantumLinkApp;
			sourceTree = "<group>";
		};
		FD68815CFE25BF02ED00D985 /* QuantumLink-remote-check */ = {
			isa = PBXGroup;
			children = (
				4CFC99560286821E10426031 /* Sources */,
			);
			name = "QuantumLink-remote-check";
			path = .;
			sourceTree = "<group>";
		};
/* End PBXGroup section */

/* Begin PBXNativeTarget section */
		2966A9F5C097BA59DA1798BD /* QuantumLinkTunnel */ = {
			isa = PBXNativeTarget;
			buildConfigurationList = B917774EFF8EB09637DA50AE /* Build configuration list for PBXNativeTarget "QuantumLinkTunnel" */;
			buildPhases = (
				913F1BE1845AD37FBC8BA253 /* Sources */,
				ECBAC64AA0797CE75456579A /* Frameworks */,
				C2863B40790F3CFDC94EF0F9 /* Embed Frameworks */,
			);
			buildRules = (
			);
			dependencies = (
				7B46A62ACF09825CCF483894 /* PBXTargetDependency */,
			);
			name = QuantumLinkTunnel;
			packageProductDependencies = (
			);
			productName = QuantumLinkTunnel;
			productReference = B2ADBBAC868814D2271A0F8A /* QuantumLinkTunnel.appex */;
			productType = "com.apple.product-type.app-extension";
		};
		359E21701FD4B93D58B22B49 /* QuantumLink */ = {
			isa = PBXNativeTarget;
			buildConfigurationList = DD74971599E9C7DDCD261D7C /* Build configuration list for PBXNativeTarget "QuantumLink" */;
			buildPhases = (
				08DDA0F02E24C5A2C8399BDA /* Sources */,
				EB57C2B32976FD110F12E035 /* Resources */,
				D5BA45D7257AEBA324A746C8 /* Frameworks */,
				85527CBC305BAECDB953928B /* Embed Foundation Extensions */,
				DB5FCCE4E4474F10721AE0F1 /* Embed Frameworks */,
			);
			buildRules = (
			);
			dependencies = (
				4B69943382A263CF3EF0CF1F /* PBXTargetDependency */,
				FD2F3567E2E77B9A20D497E4 /* PBXTargetDependency */,
			);
			name = QuantumLink;
			packageProductDependencies = (
				64768C04397936AFD94F31B6 /* Sparkle */,
			);
			productName = QuantumLink;
			productReference = 4F8A84FA8EEF2E3F80809E5B /* QuantumLink.app */;
			productType = "com.apple.product-type.application";
		};
		6147CD6191F35AE3794DE513 /* QuantumLinkKit */ = {
			isa = PBXNativeTarget;
			buildConfigurationList = 81C5B46E685E9CBBD59F45D0 /* Build configuration list for PBXNativeTarget "QuantumLinkKit" */;
			buildPhases = (
				05E55506E7EC5C54CC6BC2F1 /* Sources */,
			);
			buildRules = (
			);
			dependencies = (
			);
			name = QuantumLinkKit;
			packageProductDependencies = (
			);
			productName = QuantumLinkKit;
			productReference = D92CC20FE0D9A2AF59177575 /* QuantumLinkKit.framework */;
			productType = "com.apple.product-type.framework";
		};
		BB81ED5F010B512A9D86A541 /* QuantumLinkSmoke */ = {
			isa = PBXNativeTarget;
			buildConfigurationList = 62311C20580122D4BBBA3BEE /* Build configuration list for PBXNativeTarget "QuantumLinkSmoke" */;
			buildPhases = (
				C500D8A3927FBB1B6D430DD2 /* Sources */,
				BCDFE83A2EFF192F1E42258A /* Frameworks */,
			);
			buildRules = (
			);
			dependencies = (
				0D13DCE7268534F69CB712B9 /* PBXTargetDependency */,
			);
			name = QuantumLinkSmoke;
			packageProductDependencies = (
			);
			productName = QuantumLinkSmoke;
			productReference = 257E5D1E74CC7BBABDBF724F /* QuantumLinkSmoke */;
			productType = "com.apple.product-type.tool";
		};
/* End PBXNativeTarget section */

/* Begin PBXProject section */
		C5171801656EDD3B722438E4 /* Project object */ = {
			isa = PBXProject;
			attributes = {
				BuildIndependentTargetsInParallel = YES;
				LastUpgradeCheck = 1430;
				TargetAttributes = {
					2966A9F5C097BA59DA1798BD = {
						DevelopmentTeam = "";
					};
					359E21701FD4B93D58B22B49 = {
						DevelopmentTeam = "";
					};
					6147CD6191F35AE3794DE513 = {
						DevelopmentTeam = "";
					};
					BB81ED5F010B512A9D86A541 = {
						DevelopmentTeam = "";
					};
				};
			};
			buildConfigurationList = 1543E4E9F71B10858BA4CF6B /* Build configuration list for PBXProject "QuantumLink" */;
			developmentRegion = en;
			hasScannedForEncodings = 0;
			knownRegions = (
				Base,
				en,
			);
			mainGroup = C179390FE065C0DFBB9002C6;
			minimizedProjectReferenceProxies = 1;
			packageReferences = (
				127BB4CA4AEECAF41CABB399 /* XCRemoteSwiftPackageReference "Sparkle" */,
			);
			preferredProjectObjectVersion = 77;
			productRefGroup = 49C450E6D8719B8B7FE2BE6E /* Products */;
			projectDirPath = "";
			projectRoot = "";
			targets = (
				359E21701FD4B93D58B22B49 /* QuantumLink */,
				6147CD6191F35AE3794DE513 /* QuantumLinkKit */,
				BB81ED5F010B512A9D86A541 /* QuantumLinkSmoke */,
				2966A9F5C097BA59DA1798BD /* QuantumLinkTunnel */,
			);
		};
/* End PBXProject section */

/* Begin PBXResourcesBuildPhase section */
		EB57C2B32976FD110F12E035 /* Resources */ = {
			isa = PBXResourcesBuildPhase;
			buildActionMask = 2147483647;
			files = (
				AE3D6D8112D91034EF51B0DE /* Assets.xcassets in Resources */,
				5759DBEC566310CA9502EAAE /* DytallixLogo.png in Resources */,
			);
			runOnlyForDeploymentPostprocessing = 0;
		};
/* End PBXResourcesBuildPhase section */

/* Begin PBXSourcesBuildPhase section */
		05E55506E7EC5C54CC6BC2F1 /* Sources */ = {
			isa = PBXSourcesBuildPhase;
			buildActionMask = 2147483647;
			files = (
				337A67D96A0E089E5BAE656B /* CodeRequirementExtractor.swift in Sources */,
				8039434E3B883A3A3EBD6CB2 /* ConfigurationValidation.swift in Sources */,
				FFA8737A8004F53D7A429675 /* ConnectionProfile.swift in Sources */,
				DCD978A8BF258BDBD6ED6932 /* DeploymentMode.swift in Sources */,
				171D549ED7C76D5CE8EAF25C /* DeviceKeypairStore.swift in Sources */,
				2D708BC2773C301FEA3D44D3 /* IPv4CIDR.swift in Sources */,
				02EF2DC42300D4C2F0125F4B /* KeychainSecretStore.swift in Sources */,
				4ACC39A42731ED9EBFBD72C4 /* KillSwitchWatchdog.swift in Sources */,
				0D8813FEE370BFF30149E572 /* ManagedConfiguration.swift in Sources */,
				9A3177AF9E865A57721CEE96 /* MeshController.swift in Sources */,
				6FA7E30177F74675C53EA4CB /* MobileConfigEnvelope.swift in Sources */,
				FE56B93381D8240C49155504 /* MobileConfigSigner.swift in Sources */,
				46BB56E0CD5F2B792F581D47 /* Models.swift in Sources */,
				C8D3AFF8A827D44D077CEFBC /* NetworkPathObserver.swift in Sources */,
				F4C8474A00E097B7A459E9CE /* PKCS12IdentityLoader.swift in Sources */,
				CCC46CAB108D003794A16959 /* PQCAlgorithm.swift in Sources */,
				D36CCB42ACFAF00B36FDB8E2 /* PeerStoreKey.swift in Sources */,
				A34B5E40C757D7799D544637 /* PerAppVPNPayload.swift in Sources */,
				24C1D3D510AB969290F9ED89 /* PrivacyDefaults.swift in Sources */,
				3EA3E09C91AE637F8777694F /* RustCoreBridge.swift in Sources */,
				6F6BE8F07C7CE44317E53575 /* RustTracingForwarder.swift in Sources */,
				D1BE7A4C2E343AEF4D72F7F0 /* SecureEnclaveTrustKey.swift in Sources */,
				3B0471E73DE318C5E960A50C /* SupportBundleExporter.swift in Sources */,
				79A2682C82AC0DE70193DA68 /* TransportSmokeRunner.swift in Sources */,
				9AF48A39FC223E2795875830 /* TunnelMessages.swift in Sources */,
				2EE331282E6CE83DFD3AE489 /* TunnelPacketPump.swift in Sources */,
				55C35974724F20AE71FE0BAD /* TunnelProfileManager.swift in Sources */,
				7F2E669B81E1E8882B79FA21 /* TunnelTransport.swift in Sources */,
				5A7F60034BE5B575445A5E6D /* VPNOnDemandRules.swift in Sources */,
			);
			runOnlyForDeploymentPostprocessing = 0;
		};
		08DDA0F02E24C5A2C8399BDA /* Sources */ = {
			isa = PBXSourcesBuildPhase;
			buildActionMask = 2147483647;
			files = (
				289A4183FF159C7BC18673A9 /* QuantumLinkApp.swift in Sources */,
				A9A32CE68DA2FAE8A73755AE /* UpdateController.swift in Sources */,
			);
			runOnlyForDeploymentPostprocessing = 0;
		};
		913F1BE1845AD37FBC8BA253 /* Sources */ = {
			isa = PBXSourcesBuildPhase;
			buildActionMask = 2147483647;
			files = (
				5E71F005F04E74C746265EAB /* PacketTunnelProvider.swift in Sources */,
			);
			runOnlyForDeploymentPostprocessing = 0;
		};
		C500D8A3927FBB1B6D430DD2 /* Sources */ = {
			isa = PBXSourcesBuildPhase;
			buildActionMask = 2147483647;
			files = (
				EAB0650FB037C580760AF19B /* main.swift in Sources */,
			);
			runOnlyForDeploymentPostprocessing = 0;
		};
/* End PBXSourcesBuildPhase section */

/* Begin PBXTargetDependency section */
		0D13DCE7268534F69CB712B9 /* PBXTargetDependency */ = {
			isa = PBXTargetDependency;
			target = 6147CD6191F35AE3794DE513 /* QuantumLinkKit */;
			targetProxy = EDC58089B07898B07319AA7D /* PBXContainerItemProxy */;
		};
		4B69943382A263CF3EF0CF1F /* PBXTargetDependency */ = {
			isa = PBXTargetDependency;
			target = 6147CD6191F35AE3794DE513 /* QuantumLinkKit */;
			targetProxy = 467119625585198B652B3822 /* PBXContainerItemProxy */;
		};
		7B46A62ACF09825CCF483894 /* PBXTargetDependency */ = {
			isa = PBXTargetDependency;
			target = 6147CD6191F35AE3794DE513 /* QuantumLinkKit */;
			targetProxy = CCB908255DFB4227753DE019 /* PBXContainerItemProxy */;
		};
		FD2F3567E2E77B9A20D497E4 /* PBXTargetDependency */ = {
			isa = PBXTargetDependency;
			target = 2966A9F5C097BA59DA1798BD /* QuantumLinkTunnel */;
			targetProxy = 567A28BF74E77B158C7C3918 /* PBXContainerItemProxy */;
		};
/* End PBXTargetDependency section */

/* Begin XCBuildConfiguration section */
		10491873F00A6C0296DEA0CC /* Release */ = {
			isa = XCBuildConfiguration;
			baseConfigurationReference = 48FCF5CE3166FFAF864596D5 /* QuantumLink.unsigned.xcconfig */;
			buildSettings = {
				COMBINE_HIDPI_IMAGES = YES;
				FRAMEWORK_SEARCH_PATHS = (
					"$(inherited)",
					"\"build\"",
				);
				INFOPLIST_FILE = macos/Info/QuantumLink.Info.plist;
				LD_RUNPATH_SEARCH_PATHS = (
					"$(inherited)",
					"@executable_path/../Frameworks",
				);
				PRODUCT_BUNDLE_IDENTIFIER = com.quantumlink.macos.Smoke;
				PRODUCT_MODULE_NAME = QuantumLinkSmoke;
				PRODUCT_NAME = QuantumLinkSmoke;
				SDKROOT = macosx;
			};
			name = Release;
		};
		22F3958008822EDCA4FE37E3 /* Debug */ = {
			isa = XCBuildConfiguration;
			baseConfigurationReference = 48FCF5CE3166FFAF864596D5 /* QuantumLink.unsigned.xcconfig */;
			buildSettings = {
				ASSETCATALOG_COMPILER_APPICON_NAME = AppIcon;
				CODE_SIGN_ENTITLEMENTS = macos/entitlements/QuantumLink.entitlements;
				COMBINE_HIDPI_IMAGES = YES;
				FRAMEWORK_SEARCH_PATHS = (
					"$(inherited)",
					"\"build\"",
				);
				INFOPLIST_FILE = macos/Info/QuantumLink.Info.plist;
				LD_RUNPATH_SEARCH_PATHS = (
					"$(inherited)",
					"@executable_path/../Frameworks",
				);
				PRODUCT_BUNDLE_IDENTIFIER = "$(QLINK_APP_BUNDLE_ID)";
				PRODUCT_MODULE_NAME = QuantumLink;
				PRODUCT_NAME = QuantumLink;
				SDKROOT = macosx;
			};
			name = Debug;
		};
		3F73CC1EC366713B9E9DDB3A /* Debug */ = {
			isa = XCBuildConfiguration;
			baseConfigurationReference = 48FCF5CE3166FFAF864596D5 /* QuantumLink.unsigned.xcconfig */;
			buildSettings = {
				COMBINE_HIDPI_IMAGES = YES;
				FRAMEWORK_SEARCH_PATHS = (
					"$(inherited)",
					"\"build\"",
				);
				INFOPLIST_FILE = macos/Info/QuantumLink.Info.plist;
				LD_RUNPATH_SEARCH_PATHS = (
					"$(inherited)",
					"@executable_path/../Frameworks",
				);
				PRODUCT_BUNDLE_IDENTIFIER = com.quantumlink.macos.Smoke;
				PRODUCT_MODULE_NAME = QuantumLinkSmoke;
				PRODUCT_NAME = QuantumLinkSmoke;
				SDKROOT = macosx;
			};
			name = Debug;
		};
		62C6436CEA45C3DC4CB4EBC0 /* Release */ = {
			isa = XCBuildConfiguration;
			baseConfigurationReference = 48FCF5CE3166FFAF864596D5 /* QuantumLink.unsigned.xcconfig */;
			buildSettings = {
				APPLICATION_EXTENSION_API_ONLY = YES;
				CODE_SIGN_ENTITLEMENTS = macos/entitlements/QuantumLinkTunnel.entitlements;
				COMBINE_HIDPI_IMAGES = YES;
				FRAMEWORK_SEARCH_PATHS = (
					"$(inherited)",
					"\"build\"",
				);
				INFOPLIST_FILE = macos/Info/QuantumLinkTunnel.Info.plist;
				LD_RUNPATH_SEARCH_PATHS = (
					"$(inherited)",
					"@executable_path/../Frameworks",
					"@executable_path/../../../../Frameworks",
				);
				PRODUCT_BUNDLE_IDENTIFIER = "$(QLINK_TUNNEL_BUNDLE_ID)";
				PRODUCT_MODULE_NAME = QuantumLinkTunnel;
				PRODUCT_NAME = QuantumLinkTunnel;
				SDKROOT = macosx;
			};
			name = Release;
		};
		6BDABF7190729C46AA1691E3 /* Debug */ = {
			isa = XCBuildConfiguration;
			baseConfigurationReference = 48FCF5CE3166FFAF864596D5 /* QuantumLink.unsigned.xcconfig */;
			buildSettings = {
				APPLICATION_EXTENSION_API_ONLY = YES;
				COMBINE_HIDPI_IMAGES = YES;
				DEFINES_MODULE = YES;
				DYLIB_COMPATIBILITY_VERSION = 1;
				DYLIB_CURRENT_VERSION = 1;
				DYLIB_INSTALL_NAME_BASE = "@rpath";
				GENERATE_INFOPLIST_FILE = YES;
				INSTALL_PATH = "$(LOCAL_LIBRARY_DIR)/Frameworks";
				LD_RUNPATH_SEARCH_PATHS = (
					"$(inherited)",
					"@executable_path/../Frameworks",
				);
				PRODUCT_BUNDLE_IDENTIFIER = com.quantumlink.macos.Kit;
				PRODUCT_MODULE_NAME = QuantumLinkKit;
				PRODUCT_NAME = QuantumLinkKit;
				SDKROOT = macosx;
				SKIP_INSTALL = YES;
				VERSIONING_SYSTEM = "apple-generic";
			};
			name = Debug;
		};
		7679E9775F3DD16D1F5D7BE2 /* Debug */ = {
			isa = XCBuildConfiguration;
			buildSettings = {
				ALWAYS_SEARCH_USER_PATHS = NO;
				CLANG_ANALYZER_NONNULL = YES;
				CLANG_ANALYZER_NUMBER_OBJECT_CONVERSION = YES_AGGRESSIVE;
				CLANG_CXX_LANGUAGE_STANDARD = "gnu++14";
				CLANG_CXX_LIBRARY = "libc++";
				CLANG_ENABLE_MODULES = YES;
				CLANG_ENABLE_OBJC_ARC = YES;
				CLANG_ENABLE_OBJC_WEAK = YES;
				CLANG_WARN_BLOCK_CAPTURE_AUTORELEASING = YES;
				CLANG_WARN_BOOL_CONVERSION = YES;
				CLANG_WARN_COMMA = YES;
				CLANG_WARN_CONSTANT_CONVERSION = YES;
				CLANG_WARN_DEPRECATED_OBJC_IMPLEMENTATIONS = YES;
				CLANG_WARN_DIRECT_OBJC_ISA_USAGE = YES_ERROR;
				CLANG_WARN_DOCUMENTATION_COMMENTS = YES;
				CLANG_WARN_EMPTY_BODY = YES;
				CLANG_WARN_ENUM_CONVERSION = YES;
				CLANG_WARN_INFINITE_RECURSION = YES;
				CLANG_WARN_INT_CONVERSION = YES;
				CLANG_WARN_NON_LITERAL_NULL_CONVERSION = YES;
				CLANG_WARN_OBJC_IMPLICIT_RETAIN_SELF = YES;
				CLANG_WARN_OBJC_LITERAL_CONVERSION = YES;
				CLANG_WARN_OBJC_ROOT_CLASS = YES_ERROR;
				CLANG_WARN_QUOTED_INCLUDE_IN_FRAMEWORK_HEADER = YES;
				CLANG_WARN_RANGE_LOOP_ANALYSIS = YES;
				CLANG_WARN_STRICT_PROTOTYPES = YES;
				CLANG_WARN_SUSPICIOUS_MOVE = YES;
				CLANG_WARN_UNGUARDED_AVAILABILITY = YES_AGGRESSIVE;
				CLANG_WARN_UNREACHABLE_CODE = YES;
				CLANG_WARN__DUPLICATE_METHOD_MATCH = YES;
				COPY_PHASE_STRIP = NO;
				CURRENT_PROJECT_VERSION = 1;
				DEBUG_INFORMATION_FORMAT = dwarf;
				ENABLE_STRICT_OBJC_MSGSEND = YES;
				ENABLE_TESTABILITY = YES;
				GCC_C_LANGUAGE_STANDARD = gnu11;
				GCC_DYNAMIC_NO_PIC = NO;
				GCC_NO_COMMON_BLOCKS = YES;
				GCC_OPTIMIZATION_LEVEL = 0;
				GCC_PREPROCESSOR_DEFINITIONS = (
					"$(inherited)",
					"DEBUG=1",
				);
				GCC_WARN_64_TO_32_BIT_CONVERSION = YES;
				GCC_WARN_ABOUT_RETURN_TYPE = YES_ERROR;
				GCC_WARN_UNDECLARED_SELECTOR = YES;
				GCC_WARN_UNINITIALIZED_AUTOS = YES_AGGRESSIVE;
				GCC_WARN_UNUSED_FUNCTION = YES;
				GCC_WARN_UNUSED_VARIABLE = YES;
				MACOSX_DEPLOYMENT_TARGET = 14.0;
				MARKETING_VERSION = 0.1.0;
				MTL_ENABLE_DEBUG_INFO = INCLUDE_SOURCE;
				MTL_FAST_MATH = YES;
				ONLY_ACTIVE_ARCH = YES;
				PRODUCT_NAME = QuantumLink;
				SDKROOT = macosx;
				SWIFT_ACTIVE_COMPILATION_CONDITIONS = DEBUG;
				SWIFT_OPTIMIZATION_LEVEL = "-Onone";
				SWIFT_VERSION = 6.0;
			};
			name = Debug;
		};
		A38A4DBE456BAC1E8421A7A5 /* Release */ = {
			isa = XCBuildConfiguration;
			buildSettings = {
				ALWAYS_SEARCH_USER_PATHS = NO;
				CLANG_ANALYZER_NONNULL = YES;
				CLANG_ANALYZER_NUMBER_OBJECT_CONVERSION = YES_AGGRESSIVE;
				CLANG_CXX_LANGUAGE_STANDARD = "gnu++14";
				CLANG_CXX_LIBRARY = "libc++";
				CLANG_ENABLE_MODULES = YES;
				CLANG_ENABLE_OBJC_ARC = YES;
				CLANG_ENABLE_OBJC_WEAK = YES;
				CLANG_WARN_BLOCK_CAPTURE_AUTORELEASING = YES;
				CLANG_WARN_BOOL_CONVERSION = YES;
				CLANG_WARN_COMMA = YES;
				CLANG_WARN_CONSTANT_CONVERSION = YES;
				CLANG_WARN_DEPRECATED_OBJC_IMPLEMENTATIONS = YES;
				CLANG_WARN_DIRECT_OBJC_ISA_USAGE = YES_ERROR;
				CLANG_WARN_DOCUMENTATION_COMMENTS = YES;
				CLANG_WARN_EMPTY_BODY = YES;
				CLANG_WARN_ENUM_CONVERSION = YES;
				CLANG_WARN_INFINITE_RECURSION = YES;
				CLANG_WARN_INT_CONVERSION = YES;
				CLANG_WARN_NON_LITERAL_NULL_CONVERSION = YES;
				CLANG_WARN_OBJC_IMPLICIT_RETAIN_SELF = YES;
				CLANG_WARN_OBJC_LITERAL_CONVERSION = YES;
				CLANG_WARN_OBJC_ROOT_CLASS = YES_ERROR;
				CLANG_WARN_QUOTED_INCLUDE_IN_FRAMEWORK_HEADER = YES;
				CLANG_WARN_RANGE_LOOP_ANALYSIS = YES;
				CLANG_WARN_STRICT_PROTOTYPES = YES;
				CLANG_WARN_SUSPICIOUS_MOVE = YES;
				CLANG_WARN_UNGUARDED_AVAILABILITY = YES_AGGRESSIVE;
				CLANG_WARN_UNREACHABLE_CODE = YES;
				CLANG_WARN__DUPLICATE_METHOD_MATCH = YES;
				COPY_PHASE_STRIP = NO;
				CURRENT_PROJECT_VERSION = 1;
				DEBUG_INFORMATION_FORMAT = "dwarf-with-dsym";
				ENABLE_NS_ASSERTIONS = NO;
				ENABLE_STRICT_OBJC_MSGSEND = YES;
				GCC_C_LANGUAGE_STANDARD = gnu11;
				GCC_NO_COMMON_BLOCKS = YES;
				GCC_WARN_64_TO_32_BIT_CONVERSION = YES;
				GCC_WARN_ABOUT_RETURN_TYPE = YES_ERROR;
				GCC_WARN_UNDECLARED_SELECTOR = YES;
				GCC_WARN_UNINITIALIZED_AUTOS = YES_AGGRESSIVE;
				GCC_WARN_UNUSED_FUNCTION = YES;
				GCC_WARN_UNUSED_VARIABLE = YES;
				MACOSX_DEPLOYMENT_TARGET = 14.0;
				MARKETING_VERSION = 0.1.0;
				MTL_ENABLE_DEBUG_INFO = NO;
				MTL_FAST_MATH = YES;
				PRODUCT_NAME = QuantumLink;
				SDKROOT = macosx;
				SWIFT_COMPILATION_MODE = wholemodule;
				SWIFT_OPTIMIZATION_LEVEL = "-O";
				SWIFT_VERSION = 6.0;
			};
			name = Release;
		};
		ABDE57C09B10E1A78BE0F03E /* Debug */ = {
			isa = XCBuildConfiguration;
			baseConfigurationReference = 48FCF5CE3166FFAF864596D5 /* QuantumLink.unsigned.xcconfig */;
			buildSettings = {
				APPLICATION_EXTENSION_API_ONLY = YES;
				CODE_SIGN_ENTITLEMENTS = macos/entitlements/QuantumLinkTunnel.entitlements;
				COMBINE_HIDPI_IMAGES = YES;
				FRAMEWORK_SEARCH_PATHS = (
					"$(inherited)",
					"\"build\"",
				);
				INFOPLIST_FILE = macos/Info/QuantumLinkTunnel.Info.plist;
				LD_RUNPATH_SEARCH_PATHS = (
					"$(inherited)",
					"@executable_path/../Frameworks",
					"@executable_path/../../../../Frameworks",
				);
				PRODUCT_BUNDLE_IDENTIFIER = "$(QLINK_TUNNEL_BUNDLE_ID)";
				PRODUCT_MODULE_NAME = QuantumLinkTunnel;
				PRODUCT_NAME = QuantumLinkTunnel;
				SDKROOT = macosx;
			};
			name = Debug;
		};
		AC40CCA5CF988A7D4FBDA160 /* Release */ = {
			isa = XCBuildConfiguration;
			baseConfigurationReference = 48FCF5CE3166FFAF864596D5 /* QuantumLink.unsigned.xcconfig */;
			buildSettings = {
				APPLICATION_EXTENSION_API_ONLY = YES;
				COMBINE_HIDPI_IMAGES = YES;
				DEFINES_MODULE = YES;
				DYLIB_COMPATIBILITY_VERSION = 1;
				DYLIB_CURRENT_VERSION = 1;
				DYLIB_INSTALL_NAME_BASE = "@rpath";
				GENERATE_INFOPLIST_FILE = YES;
				INSTALL_PATH = "$(LOCAL_LIBRARY_DIR)/Frameworks";
				LD_RUNPATH_SEARCH_PATHS = (
					"$(inherited)",
					"@executable_path/../Frameworks",
				);
				PRODUCT_BUNDLE_IDENTIFIER = com.quantumlink.macos.Kit;
				PRODUCT_MODULE_NAME = QuantumLinkKit;
				PRODUCT_NAME = QuantumLinkKit;
				SDKROOT = macosx;
				SKIP_INSTALL = YES;
				VERSIONING_SYSTEM = "apple-generic";
			};
			name = Release;
		};
		BE6E44B51ABD24F34FFBD7DC /* Release */ = {
			isa = XCBuildConfiguration;
			baseConfigurationReference = 48FCF5CE3166FFAF864596D5 /* QuantumLink.unsigned.xcconfig */;
			buildSettings = {
				ASSETCATALOG_COMPILER_APPICON_NAME = AppIcon;
				CODE_SIGN_ENTITLEMENTS = macos/entitlements/QuantumLink.entitlements;
				COMBINE_HIDPI_IMAGES = YES;
				FRAMEWORK_SEARCH_PATHS = (
					"$(inherited)",
					"\"build\"",
				);
				INFOPLIST_FILE = macos/Info/QuantumLink.Info.plist;
				LD_RUNPATH_SEARCH_PATHS = (
					"$(inherited)",
					"@executable_path/../Frameworks",
				);
				PRODUCT_BUNDLE_IDENTIFIER = "$(QLINK_APP_BUNDLE_ID)";
				PRODUCT_MODULE_NAME = QuantumLink;
				PRODUCT_NAME = QuantumLink;
				SDKROOT = macosx;
			};
			name = Release;
		};
/* End XCBuildConfiguration section */

/* Begin XCConfigurationList section */
		1543E4E9F71B10858BA4CF6B /* Build configuration list for PBXProject "QuantumLink" */ = {
			isa = XCConfigurationList;
			buildConfigurations = (
				7679E9775F3DD16D1F5D7BE2 /* Debug */,
				A38A4DBE456BAC1E8421A7A5 /* Release */,
			);
			defaultConfigurationIsVisible = 0;
			defaultConfigurationName = Debug;
		};
		62311C20580122D4BBBA3BEE /* Build configuration list for PBXNativeTarget "QuantumLinkSmoke" */ = {
			isa = XCConfigurationList;
			buildConfigurations = (
				3F73CC1EC366713B9E9DDB3A /* Debug */,
				10491873F00A6C0296DEA0CC /* Release */,
			);
			defaultConfigurationIsVisible = 0;
			defaultConfigurationName = Debug;
		};
		81C5B46E685E9CBBD59F45D0 /* Build configuration list for PBXNativeTarget "QuantumLinkKit" */ = {
			isa = XCConfigurationList;
			buildConfigurations = (
				6BDABF7190729C46AA1691E3 /* Debug */,
				AC40CCA5CF988A7D4FBDA160 /* Release */,
			);
			defaultConfigurationIsVisible = 0;
			defaultConfigurationName = Debug;
		};
		B917774EFF8EB09637DA50AE /* Build configuration list for PBXNativeTarget "QuantumLinkTunnel" */ = {
			isa = XCConfigurationList;
			buildConfigurations = (
				ABDE57C09B10E1A78BE0F03E /* Debug */,
				62C6436CEA45C3DC4CB4EBC0 /* Release */,
			);
			defaultConfigurationIsVisible = 0;
			defaultConfigurationName = Debug;
		};
		DD74971599E9C7DDCD261D7C /* Build configuration list for PBXNativeTarget "QuantumLink" */ = {
			isa = XCConfigurationList;
			buildConfigurations = (
				22F3958008822EDCA4FE37E3 /* Debug */,
				BE6E44B51ABD24F34FFBD7DC /* Release */,
			);
			defaultConfigurationIsVisible = 0;
			defaultConfigurationName = Debug;
		};
/* End XCConfigurationList section */

/* Begin XCRemoteSwiftPackageReference section */
		127BB4CA4AEECAF41CABB399 /* XCRemoteSwiftPackageReference "Sparkle" */ = {
			isa = XCRemoteSwiftPackageReference;
			repositoryURL = "https://github.com/sparkle-project/Sparkle";
			requirement = {
				kind = upToNextMajorVersion;
				minimumVersion = 2.6.0;
			};
		};
/* End XCRemoteSwiftPackageReference section */

/* Begin XCSwiftPackageProductDependency section */
		64768C04397936AFD94F31B6 /* Sparkle */ = {
			isa = XCSwiftPackageProductDependency;
			package = 127BB4CA4AEECAF41CABB399 /* XCRemoteSwiftPackageReference "Sparkle" */;
			productName = Sparkle;
		};
/* End XCSwiftPackageProductDependency section */
	};
	rootObject = C5171801656EDD3B722438E4 /* Project object */;
}
